uuid: 23d5bdc8-4a0b-4a5f-a029-ad6e5d01ef36
langcode: hr
status: true
dependencies: {  }
_core:
  default_config_hash: XR_f0lfXIV2PJVpU4QEFgePYCLxpxC6QfoA03cGVYDw
id: hero_call_to_action_block
label: 'Hero call to action block'
revision: 0
description: 'Hero block with a call to action (for example on the AN homepage)'
