uuid: 5b46cb50-aef6-452a-9e62-40d41c30b8fb
langcode: hr
status: false
dependencies:
  module:
    - system
    - user
  theme:
    - socialbase
_core:
  default_config_hash: vQLSPy3ndi-zEP8HoSRMFbTT01hmX94Q94Dq5dIOTZw
id: anhomepageheroblock
theme: socialbase
region: ''
weight: -15
provider: null
plugin: 'block_content:8bb9d4bb-f182-4afc-b138-8a4b802824e4'
settings:
  id: 'block_content:8bb9d4bb-f182-4afc-b138-8a4b802824e4'
  label: 'AN homepage hero block'
  provider: block_content
  label_display: '0'
  status: true
  info: ''
  view_mode: full
visibility:
  request_path:
    id: request_path
    pages: '<front>'
    negate: false
    context_mapping: {  }
  user_role:
    id: user_role
    roles:
      anonymous: anonymous
    negate: false
    context_mapping:
      user: '@user.current_user_context:current_user'
