langcode: en
status: false
dependencies:
  theme:
    - stark
id: stark_notificationsblock
theme: stark
region: ''
weight: -4
provider: null
plugin: notifications_block
settings:
  id: notifications_block
  label: 'Notifications block'
  provider: activity_viewer
  label_display: '0'
visibility: {  }
