langcode: en
status: true
dependencies:
  module:
    - activity_viewer
  theme:
    - stark
id: stark_notificationsblock
theme: stark
region: sidebar_first
weight: -4
provider: null
plugin: notifications_block
settings:
  id: notifications_block
  label: 'Notifications block'
  provider: activity_viewer
  label_display: '0'
visibility: {  }
